
Microsoft Visual Studio Solution File, Format Version 12.00
# Visual Studio Version 16
VisualStudioVersion = 16.0.31112.23
MinimumVisualStudioVersion = 10.0.40219.1
Project("{FAE04EC0-301F-11D3-BF4B-00C04F79EFBC}") = "Z02-MVC", "Z02-MVC\Z02-MVC.csproj", "{0FF2C938-02B3-4DD6-B7B7-A768A06F4DFC}"
EndProject
Project("{FAE04EC0-301F-11D3-BF4B-00C04F79EFBC}") = "_L4_2_ValidatedCustomerForm", "_Lecture4_Demos\Demos\2-ValidatedCustomerForm\ValidatedCustomerForm\_L4_2_ValidatedCustomerForm.csproj", "{081438DC-975D-4B20-A4C5-3932694EAD97}"
EndProject
Project("{FAE04EC0-301F-11D3-BF4B-00C04F79EFBC}") = "_L4_6_Styled", "_Lecture4_Demos\Demos\6-ChiarelliElearningStyled\WebApplication1\_L4_6_Styled.csproj", "{7AD0994B-6707-4926-A24A-4BA5F7EEB039}"
EndProject
Project("{FAE04EC0-301F-11D3-BF4B-00C04F79EFBC}") = "_L4_7_BrownShadowMod", "_Lecture4_Demos\Demos\7-StyledMaster\BrownShadowMod\_L4_7_BrownShadowMod.csproj", "{BD513B86-EAB2-4675-85DF-3850195EECED}"
EndProject
Project("{FAE04EC0-301F-11D3-BF4B-00C04F79EFBC}") = "_L4_4_TeamMemberBios", "_Lecture4_Demos\Demos\4-NavBetweenPages\TeamMemberBios\_L4_4_TeamMemberBios.csproj", "{5E846FE7-D992-4852-9E24-267FCA433790}"
EndProject
Project("{FAE04EC0-301F-11D3-BF4B-00C04F79EFBC}") = "_L4_5_CasinoSlots", "_Lecture4_Demos\Demos\5-CasinoSlots\CasinoSlots\_L4_5_CasinoSlots.csproj", "{1053D7D7-ACDF-4EE1-8E50-946CE0DC02F2}"
EndProject
Project("{FAE04EC0-301F-11D3-BF4B-00C04F79EFBC}") = "_L4_8_FormViewCRUD", "_Lecture4_Demos\Demos\8-FormViewCRUD\FormViewCRUD\_L4_8_FormViewCRUD.csproj", "{30EB82E0-F6EB-4825-96AF-585A84C64A99}"
EndProject
Project("{FAE04EC0-301F-11D3-BF4B-00C04F79EFBC}") = "_L4_9_BandTour", "_Lecture4_Demos\Demos\9-BandTour\BandTour\_L4_9_BandTour.csproj", "{5C0DD002-F88F-42CB-B9C9-42815C48968E}"
EndProject
Project("{FAE04EC0-301F-11D3-BF4B-00C04F79EFBC}") = "_L4_99_ArtistJournal", "_Lecture4_Demos\Demos\10-ArtistJournal\ArtistJournal\_L4_99_ArtistJournal.csproj", "{C968CBDE-7F36-40B4-A753-6D5E5F9CB84A}"
EndProject
Project("{FAE04EC0-301F-11D3-BF4B-00C04F79EFBC}") = "_L4_3_TheCalendar", "_Lecture4_Demos\Demos\3-TheCalendar\TheCalendar\_L4_3_TheCalendar.csproj", "{D00A0E18-D0EC-45C9-AC70-4CA743D6E149}"
EndProject
Project("{FAE04EC0-301F-11D3-BF4B-00C04F79EFBC}") = "_L6_TroisLacs_FirstWeb", "_L6_TroisLacs\_L6_TroisLacs_FirstWeb.csproj", "{C8C8844B-FD38-4520-9468-F365A31598A5}"
EndProject
Project("{FAE04EC0-301F-11D3-BF4B-00C04F79EFBC}") = "_L7A_TroisLacs_Empty_WebForms", "_L7A_TroisLacs_Empty_WebForms\_L7A_TroisLacs_Empty_WebForms.csproj", "{F1638D02-2210-48F0-918F-89BA1C4B24F3}"
EndProject
Project("{FAE04EC0-301F-11D3-BF4B-00C04F79EFBC}") = "Y02-validation", "Y02_validation\Y02-validation.csproj", "{C4EA4E36-7540-46E3-AF4C-2FE028D3106D}"
EndProject
Project("{FAE04EC0-301F-11D3-BF4B-00C04F79EFBC}") = "Y03-DatabaseMigrationExample", "Y03_DatabaseMigrationExample\Y03-DatabaseMigrationExample.csproj", "{4E6B0217-B318-431F-9903-23DAC2ADEDAA}"
EndProject
Project("{FAE04EC0-301F-11D3-BF4B-00C04F79EFBC}") = "Y04-FirstMvcApplication", "Y04_FirstMvcApplication\Y04-FirstMvcApplication.csproj", "{BBF8780C-DB1D-4C3C-AB78-63EA580C1A4A}"
EndProject
Project("{FAE04EC0-301F-11D3-BF4B-00C04F79EFBC}") = "Z01-WebForms", "Z01-WebForms\Z01-WebForms.csproj", "{FA1BD485-7EBA-4C79-8E36-B63758A7AC7D}"
EndProject
Project("{FAE04EC0-301F-11D3-BF4B-00C04F79EFBC}") = "Z03-MVC-Conversion", "Z03-MVC-Conversion\Z03-MVC-Conversion.csproj", "{F4888592-648D-48A9-955C-76C9F27E59A1}"
EndProject
Project("{FAE04EC0-301F-11D3-BF4B-00C04F79EFBC}") = "Z04-MVC-no-auth", "Z04-MVC-no-auth\Z04-MVC-no-auth.csproj", "{9AD35DB0-2089-4C34-A9EB-A8673DB83A83}"
EndProject
Project("{FAE04EC0-301F-11D3-BF4B-00C04F79EFBC}") = "Z05-MVC-auth", "Z05-MVC-auth\Z05-MVC-auth.csproj", "{7BF19D36-EA90-466E-AB28-0AF22193F78E}"
EndProject
Project("{FAE04EC0-301F-11D3-BF4B-00C04F79EFBC}") = "Y01-session-one", "Y01_session-one\session-one\Y01-session-one.csproj", "{190727E1-5DAE-4B8E-AD5C-D885F518BA62}"
EndProject
Project("{FAE04EC0-301F-11D3-BF4B-00C04F79EFBC}") = "S00(S01-S02 Udemy)-WebForms-Empty", "S00(S1-S2 Udemy)-WebForms(Empty)\S00(S01-S02 Udemy)-WebForms-Empty.csproj", "{1EDB7942-E7FD-40CA-A6E0-A59E2E4A8ACA}"
EndProject
Project("{FAE04EC0-301F-11D3-BF4B-00C04F79EFBC}") = "S03A-DataBinding", "S03A-DataBinding\S03A-DataBinding.csproj", "{129EBC88-4968-4897-88C5-756BC237A0B4}"
EndProject
Project("{FAE04EC0-301F-11D3-BF4B-00C04F79EFBC}") = "S03B-DatabaseMigration", "S03B-DatabaseMigration\S03B-DatabaseMigration.csproj", "{D99BE459-6285-4B11-9515-41F06F235391}"
EndProject
Project("{FAE04EC0-301F-11D3-BF4B-00C04F79EFBC}") = "S05B-MVC-Auth", "S05B-MVC-Auth\S05B-MVC-Auth.csproj", "{E5DD8536-4671-48F7-B033-4513D45CD711}"
EndProject
Project("{FAE04EC0-301F-11D3-BF4B-00C04F79EFBC}") = "XHomeInventoryV1", "XHomeInventory\XHomeInventoryV1.csproj", "{79D91EE6-8A58-4676-A8D3-C42B86F79A54}"
EndProject
Project("{FAE04EC0-301F-11D3-BF4B-00C04F79EFBC}") = "XBlog", "XBlog\XBlog.csproj", "{3F35B9C2-19B9-438F-8EBC-7EEF8AF53A5E}"
EndProject
Project("{FAE04EC0-301F-11D3-BF4B-00C04F79EFBC}") = "Y05A_TemperatureConvertor", "Y05_TempConv_MVCScaff\TemperatureConvertor\Y05A_TemperatureConvertor.csproj", "{DEB5A3D6-BA9D-4186-9333-03F45783D065}"
EndProject
Project("{FAE04EC0-301F-11D3-BF4B-00C04F79EFBC}") = "Y05B_MVCScaffoldingWithoutAuth", "Y05_TempConv_MVCScaff\MVCScaffoldingWithoutAuth\Y05B_MVCScaffoldingWithoutAuth.csproj", "{BF87B326-AF3A-43D3-A5DA-E99D250D099F}"
EndProject
Project("{FAE04EC0-301F-11D3-BF4B-00C04F79EFBC}") = "Y05D_MVCBlogAssignment", "Y05_TempConv_MVCScaff\MVCBlogAssignment\MVCBlogAssignment\Y05D_MVCBlogAssignment.csproj", "{A8DBEDD7-F76B-441A-BB90-BEE2FA7104F7}"
EndProject
Project("{FAE04EC0-301F-11D3-BF4B-00C04F79EFBC}") = "Y05E_ScaffoldingSearchSort", "Y05_TempConv_MVCScaff\ScaffoldingSearchSort\Y05E_ScaffoldingSearchSort.csproj", "{FDE28E89-9666-4A97-B78A-38D5092CBD97}"
EndProject
Project("{FAE04EC0-301F-11D3-BF4B-00C04F79EFBC}") = "Y05F_VideoRental", "Y05_TempConv_MVCScaff\VideoRental\Y05F_VideoRental.csproj", "{1568BFD3-6131-4F9D-9928-5016F8C28D97}"
EndProject
Project("{FAE04EC0-301F-11D3-BF4B-00C04F79EFBC}") = "Y05G_WeatherApi", "Y05_TempConv_MVCScaff\WeatherApi\Y05G_WeatherApi.csproj", "{0C13A1AC-4302-4C51-AEA7-562F2C6DA90C}"
EndProject
Project("{FAE04EC0-301F-11D3-BF4B-00C04F79EFBC}") = "Y05C_MVCScaffolding", "Y05_TempConv_MVCScaff\MVCScaffolding\Y05C_MVCScaffolding.csproj", "{D56A7521-C44A-41B7-8BEB-8AC2BC62BB2F}"
EndProject
Global
	GlobalSection(SolutionConfigurationPlatforms) = preSolution
		Debug|Any CPU = Debug|Any CPU
		Release|Any CPU = Release|Any CPU
	EndGlobalSection
	GlobalSection(ProjectConfigurationPlatforms) = postSolution
		{0FF2C938-02B3-4DD6-B7B7-A768A06F4DFC}.Debug|Any CPU.ActiveCfg = Debug|Any CPU
		{0FF2C938-02B3-4DD6-B7B7-A768A06F4DFC}.Debug|Any CPU.Build.0 = Debug|Any CPU
		{0FF2C938-02B3-4DD6-B7B7-A768A06F4DFC}.Release|Any CPU.ActiveCfg = Release|Any CPU
		{0FF2C938-02B3-4DD6-B7B7-A768A06F4DFC}.Release|Any CPU.Build.0 = Release|Any CPU
		{081438DC-975D-4B20-A4C5-3932694EAD97}.Debug|Any CPU.ActiveCfg = Debug|Any CPU
		{081438DC-975D-4B20-A4C5-3932694EAD97}.Debug|Any CPU.Build.0 = Debug|Any CPU
		{081438DC-975D-4B20-A4C5-3932694EAD97}.Release|Any CPU.ActiveCfg = Release|Any CPU
		{081438DC-975D-4B20-A4C5-3932694EAD97}.Release|Any CPU.Build.0 = Release|Any CPU
		{7AD0994B-6707-4926-A24A-4BA5F7EEB039}.Debug|Any CPU.ActiveCfg = Debug|Any CPU
		{7AD0994B-6707-4926-A24A-4BA5F7EEB039}.Debug|Any CPU.Build.0 = Debug|Any CPU
		{7AD0994B-6707-4926-A24A-4BA5F7EEB039}.Release|Any CPU.ActiveCfg = Release|Any CPU
		{7AD0994B-6707-4926-A24A-4BA5F7EEB039}.Release|Any CPU.Build.0 = Release|Any CPU
		{BD513B86-EAB2-4675-85DF-3850195EECED}.Debug|Any CPU.ActiveCfg = Debug|Any CPU
		{BD513B86-EAB2-4675-85DF-3850195EECED}.Debug|Any CPU.Build.0 = Debug|Any CPU
		{BD513B86-EAB2-4675-85DF-3850195EECED}.Release|Any CPU.ActiveCfg = Release|Any CPU
		{BD513B86-EAB2-4675-85DF-3850195EECED}.Release|Any CPU.Build.0 = Release|Any CPU
		{5E846FE7-D992-4852-9E24-267FCA433790}.Debug|Any CPU.ActiveCfg = Debug|Any CPU
		{5E846FE7-D992-4852-9E24-267FCA433790}.Debug|Any CPU.Build.0 = Debug|Any CPU
		{5E846FE7-D992-4852-9E24-267FCA433790}.Release|Any CPU.ActiveCfg = Release|Any CPU
		{5E846FE7-D992-4852-9E24-267FCA433790}.Release|Any CPU.Build.0 = Release|Any CPU
		{1053D7D7-ACDF-4EE1-8E50-946CE0DC02F2}.Debug|Any CPU.ActiveCfg = Debug|Any CPU
		{1053D7D7-ACDF-4EE1-8E50-946CE0DC02F2}.Debug|Any CPU.Build.0 = Debug|Any CPU
		{1053D7D7-ACDF-4EE1-8E50-946CE0DC02F2}.Release|Any CPU.ActiveCfg = Release|Any CPU
		{1053D7D7-ACDF-4EE1-8E50-946CE0DC02F2}.Release|Any CPU.Build.0 = Release|Any CPU
		{30EB82E0-F6EB-4825-96AF-585A84C64A99}.Debug|Any CPU.ActiveCfg = Debug|Any CPU
		{30EB82E0-F6EB-4825-96AF-585A84C64A99}.Debug|Any CPU.Build.0 = Debug|Any CPU
		{30EB82E0-F6EB-4825-96AF-585A84C64A99}.Release|Any CPU.ActiveCfg = Release|Any CPU
		{30EB82E0-F6EB-4825-96AF-585A84C64A99}.Release|Any CPU.Build.0 = Release|Any CPU
		{5C0DD002-F88F-42CB-B9C9-42815C48968E}.Debug|Any CPU.ActiveCfg = Debug|Any CPU
		{5C0DD002-F88F-42CB-B9C9-42815C48968E}.Debug|Any CPU.Build.0 = Debug|Any CPU
		{5C0DD002-F88F-42CB-B9C9-42815C48968E}.Release|Any CPU.ActiveCfg = Release|Any CPU
		{5C0DD002-F88F-42CB-B9C9-42815C48968E}.Release|Any CPU.Build.0 = Release|Any CPU
		{C968CBDE-7F36-40B4-A753-6D5E5F9CB84A}.Debug|Any CPU.ActiveCfg = Debug|Any CPU
		{C968CBDE-7F36-40B4-A753-6D5E5F9CB84A}.Debug|Any CPU.Build.0 = Debug|Any CPU
		{C968CBDE-7F36-40B4-A753-6D5E5F9CB84A}.Release|Any CPU.ActiveCfg = Release|Any CPU
		{C968CBDE-7F36-40B4-A753-6D5E5F9CB84A}.Release|Any CPU.Build.0 = Release|Any CPU
		{D00A0E18-D0EC-45C9-AC70-4CA743D6E149}.Debug|Any CPU.ActiveCfg = Debug|Any CPU
		{D00A0E18-D0EC-45C9-AC70-4CA743D6E149}.Debug|Any CPU.Build.0 = Debug|Any CPU
		{D00A0E18-D0EC-45C9-AC70-4CA743D6E149}.Release|Any CPU.ActiveCfg = Release|Any CPU
		{D00A0E18-D0EC-45C9-AC70-4CA743D6E149}.Release|Any CPU.Build.0 = Release|Any CPU
		{C8C8844B-FD38-4520-9468-F365A31598A5}.Debug|Any CPU.ActiveCfg = Debug|Any CPU
		{C8C8844B-FD38-4520-9468-F365A31598A5}.Debug|Any CPU.Build.0 = Debug|Any CPU
		{C8C8844B-FD38-4520-9468-F365A31598A5}.Release|Any CPU.ActiveCfg = Release|Any CPU
		{C8C8844B-FD38-4520-9468-F365A31598A5}.Release|Any CPU.Build.0 = Release|Any CPU
		{F1638D02-2210-48F0-918F-89BA1C4B24F3}.Debug|Any CPU.ActiveCfg = Debug|Any CPU
		{F1638D02-2210-48F0-918F-89BA1C4B24F3}.Debug|Any CPU.Build.0 = Debug|Any CPU
		{F1638D02-2210-48F0-918F-89BA1C4B24F3}.Release|Any CPU.ActiveCfg = Release|Any CPU
		{F1638D02-2210-48F0-918F-89BA1C4B24F3}.Release|Any CPU.Build.0 = Release|Any CPU
		{C4EA4E36-7540-46E3-AF4C-2FE028D3106D}.Debug|Any CPU.ActiveCfg = Debug|Any CPU
		{C4EA4E36-7540-46E3-AF4C-2FE028D3106D}.Debug|Any CPU.Build.0 = Debug|Any CPU
		{C4EA4E36-7540-46E3-AF4C-2FE028D3106D}.Release|Any CPU.ActiveCfg = Release|Any CPU
		{C4EA4E36-7540-46E3-AF4C-2FE028D3106D}.Release|Any CPU.Build.0 = Release|Any CPU
		{4E6B0217-B318-431F-9903-23DAC2ADEDAA}.Debug|Any CPU.ActiveCfg = Debug|Any CPU
		{4E6B0217-B318-431F-9903-23DAC2ADEDAA}.Debug|Any CPU.Build.0 = Debug|Any CPU
		{4E6B0217-B318-431F-9903-23DAC2ADEDAA}.Release|Any CPU.ActiveCfg = Release|Any CPU
		{4E6B0217-B318-431F-9903-23DAC2ADEDAA}.Release|Any CPU.Build.0 = Release|Any CPU
		{BBF8780C-DB1D-4C3C-AB78-63EA580C1A4A}.Debug|Any CPU.ActiveCfg = Debug|Any CPU
		{BBF8780C-DB1D-4C3C-AB78-63EA580C1A4A}.Debug|Any CPU.Build.0 = Debug|Any CPU
		{BBF8780C-DB1D-4C3C-AB78-63EA580C1A4A}.Release|Any CPU.ActiveCfg = Release|Any CPU
		{BBF8780C-DB1D-4C3C-AB78-63EA580C1A4A}.Release|Any CPU.Build.0 = Release|Any CPU
		{FA1BD485-7EBA-4C79-8E36-B63758A7AC7D}.Debug|Any CPU.ActiveCfg = Debug|Any CPU
		{FA1BD485-7EBA-4C79-8E36-B63758A7AC7D}.Debug|Any CPU.Build.0 = Debug|Any CPU
		{FA1BD485-7EBA-4C79-8E36-B63758A7AC7D}.Release|Any CPU.ActiveCfg = Release|Any CPU
		{FA1BD485-7EBA-4C79-8E36-B63758A7AC7D}.Release|Any CPU.Build.0 = Release|Any CPU
		{F4888592-648D-48A9-955C-76C9F27E59A1}.Debug|Any CPU.ActiveCfg = Debug|Any CPU
		{F4888592-648D-48A9-955C-76C9F27E59A1}.Debug|Any CPU.Build.0 = Debug|Any CPU
		{F4888592-648D-48A9-955C-76C9F27E59A1}.Release|Any CPU.ActiveCfg = Release|Any CPU
		{F4888592-648D-48A9-955C-76C9F27E59A1}.Release|Any CPU.Build.0 = Release|Any CPU
		{9AD35DB0-2089-4C34-A9EB-A8673DB83A83}.Debug|Any CPU.ActiveCfg = Debug|Any CPU
		{9AD35DB0-2089-4C34-A9EB-A8673DB83A83}.Debug|Any CPU.Build.0 = Debug|Any CPU
		{9AD35DB0-2089-4C34-A9EB-A8673DB83A83}.Release|Any CPU.ActiveCfg = Release|Any CPU
		{9AD35DB0-2089-4C34-A9EB-A8673DB83A83}.Release|Any CPU.Build.0 = Release|Any CPU
		{7BF19D36-EA90-466E-AB28-0AF22193F78E}.Debug|Any CPU.ActiveCfg = Debug|Any CPU
		{7BF19D36-EA90-466E-AB28-0AF22193F78E}.Debug|Any CPU.Build.0 = Debug|Any CPU
		{7BF19D36-EA90-466E-AB28-0AF22193F78E}.Release|Any CPU.ActiveCfg = Release|Any CPU
		{7BF19D36-EA90-466E-AB28-0AF22193F78E}.Release|Any CPU.Build.0 = Release|Any CPU
		{190727E1-5DAE-4B8E-AD5C-D885F518BA62}.Debug|Any CPU.ActiveCfg = Debug|Any CPU
		{190727E1-5DAE-4B8E-AD5C-D885F518BA62}.Debug|Any CPU.Build.0 = Debug|Any CPU
		{190727E1-5DAE-4B8E-AD5C-D885F518BA62}.Release|Any CPU.ActiveCfg = Release|Any CPU
		{190727E1-5DAE-4B8E-AD5C-D885F518BA62}.Release|Any CPU.Build.0 = Release|Any CPU
		{1EDB7942-E7FD-40CA-A6E0-A59E2E4A8ACA}.Debug|Any CPU.ActiveCfg = Debug|Any CPU
		{1EDB7942-E7FD-40CA-A6E0-A59E2E4A8ACA}.Debug|Any CPU.Build.0 = Debug|Any CPU
		{1EDB7942-E7FD-40CA-A6E0-A59E2E4A8ACA}.Release|Any CPU.ActiveCfg = Release|Any CPU
		{1EDB7942-E7FD-40CA-A6E0-A59E2E4A8ACA}.Release|Any CPU.Build.0 = Release|Any CPU
		{129EBC88-4968-4897-88C5-756BC237A0B4}.Debug|Any CPU.ActiveCfg = Debug|Any CPU
		{129EBC88-4968-4897-88C5-756BC237A0B4}.Debug|Any CPU.Build.0 = Debug|Any CPU
		{129EBC88-4968-4897-88C5-756BC237A0B4}.Release|Any CPU.ActiveCfg = Release|Any CPU
		{129EBC88-4968-4897-88C5-756BC237A0B4}.Release|Any CPU.Build.0 = Release|Any CPU
		{D99BE459-6285-4B11-9515-41F06F235391}.Debug|Any CPU.ActiveCfg = Debug|Any CPU
		{D99BE459-6285-4B11-9515-41F06F235391}.Debug|Any CPU.Build.0 = Debug|Any CPU
		{D99BE459-6285-4B11-9515-41F06F235391}.Release|Any CPU.ActiveCfg = Release|Any CPU
		{D99BE459-6285-4B11-9515-41F06F235391}.Release|Any CPU.Build.0 = Release|Any CPU
		{E5DD8536-4671-48F7-B033-4513D45CD711}.Debug|Any CPU.ActiveCfg = Debug|Any CPU
		{E5DD8536-4671-48F7-B033-4513D45CD711}.Debug|Any CPU.Build.0 = Debug|Any CPU
		{E5DD8536-4671-48F7-B033-4513D45CD711}.Release|Any CPU.ActiveCfg = Release|Any CPU
		{E5DD8536-4671-48F7-B033-4513D45CD711}.Release|Any CPU.Build.0 = Release|Any CPU
		{79D91EE6-8A58-4676-A8D3-C42B86F79A54}.Debug|Any CPU.ActiveCfg = Debug|Any CPU
		{79D91EE6-8A58-4676-A8D3-C42B86F79A54}.Debug|Any CPU.Build.0 = Debug|Any CPU
		{79D91EE6-8A58-4676-A8D3-C42B86F79A54}.Release|Any CPU.ActiveCfg = Release|Any CPU
		{79D91EE6-8A58-4676-A8D3-C42B86F79A54}.Release|Any CPU.Build.0 = Release|Any CPU
		{3F35B9C2-19B9-438F-8EBC-7EEF8AF53A5E}.Debug|Any CPU.ActiveCfg = Debug|Any CPU
		{3F35B9C2-19B9-438F-8EBC-7EEF8AF53A5E}.Debug|Any CPU.Build.0 = Debug|Any CPU
		{3F35B9C2-19B9-438F-8EBC-7EEF8AF53A5E}.Release|Any CPU.ActiveCfg = Release|Any CPU
		{3F35B9C2-19B9-438F-8EBC-7EEF8AF53A5E}.Release|Any CPU.Build.0 = Release|Any CPU
		{DEB5A3D6-BA9D-4186-9333-03F45783D065}.Debug|Any CPU.ActiveCfg = Debug|Any CPU
		{DEB5A3D6-BA9D-4186-9333-03F45783D065}.Debug|Any CPU.Build.0 = Debug|Any CPU
		{DEB5A3D6-BA9D-4186-9333-03F45783D065}.Release|Any CPU.ActiveCfg = Release|Any CPU
		{DEB5A3D6-BA9D-4186-9333-03F45783D065}.Release|Any CPU.Build.0 = Release|Any CPU
		{BF87B326-AF3A-43D3-A5DA-E99D250D099F}.Debug|Any CPU.ActiveCfg = Debug|Any CPU
		{BF87B326-AF3A-43D3-A5DA-E99D250D099F}.Debug|Any CPU.Build.0 = Debug|Any CPU
		{BF87B326-AF3A-43D3-A5DA-E99D250D099F}.Release|Any CPU.ActiveCfg = Release|Any CPU
		{BF87B326-AF3A-43D3-A5DA-E99D250D099F}.Release|Any CPU.Build.0 = Release|Any CPU
		{A8DBEDD7-F76B-441A-BB90-BEE2FA7104F7}.Debug|Any CPU.ActiveCfg = Debug|Any CPU
		{A8DBEDD7-F76B-441A-BB90-BEE2FA7104F7}.Debug|Any CPU.Build.0 = Debug|Any CPU
		{A8DBEDD7-F76B-441A-BB90-BEE2FA7104F7}.Release|Any CPU.ActiveCfg = Release|Any CPU
		{A8DBEDD7-F76B-441A-BB90-BEE2FA7104F7}.Release|Any CPU.Build.0 = Release|Any CPU
		{FDE28E89-9666-4A97-B78A-38D5092CBD97}.Debug|Any CPU.ActiveCfg = Debug|Any CPU
		{FDE28E89-9666-4A97-B78A-38D5092CBD97}.Debug|Any CPU.Build.0 = Debug|Any CPU
		{FDE28E89-9666-4A97-B78A-38D5092CBD97}.Release|Any CPU.ActiveCfg = Release|Any CPU
		{FDE28E89-9666-4A97-B78A-38D5092CBD97}.Release|Any CPU.Build.0 = Release|Any CPU
		{1568BFD3-6131-4F9D-9928-5016F8C28D97}.Debug|Any CPU.ActiveCfg = Debug|Any CPU
		{1568BFD3-6131-4F9D-9928-5016F8C28D97}.Debug|Any CPU.Build.0 = Debug|Any CPU
		{1568BFD3-6131-4F9D-9928-5016F8C28D97}.Release|Any CPU.ActiveCfg = Release|Any CPU
		{1568BFD3-6131-4F9D-9928-5016F8C28D97}.Release|Any CPU.Build.0 = Release|Any CPU
		{0C13A1AC-4302-4C51-AEA7-562F2C6DA90C}.Debug|Any CPU.ActiveCfg = Debug|Any CPU
		{0C13A1AC-4302-4C51-AEA7-562F2C6DA90C}.Debug|Any CPU.Build.0 = Debug|Any CPU
		{0C13A1AC-4302-4C51-AEA7-562F2C6DA90C}.Release|Any CPU.ActiveCfg = Release|Any CPU
		{0C13A1AC-4302-4C51-AEA7-562F2C6DA90C}.Release|Any CPU.Build.0 = Release|Any CPU
		{D56A7521-C44A-41B7-8BEB-8AC2BC62BB2F}.Debug|Any CPU.ActiveCfg = Debug|Any CPU
		{D56A7521-C44A-41B7-8BEB-8AC2BC62BB2F}.Debug|Any CPU.Build.0 = Debug|Any CPU
		{D56A7521-C44A-41B7-8BEB-8AC2BC62BB2F}.Release|Any CPU.ActiveCfg = Release|Any CPU
		{D56A7521-C44A-41B7-8BEB-8AC2BC62BB2F}.Release|Any CPU.Build.0 = Release|Any CPU
	EndGlobalSection
	GlobalSection(SolutionProperties) = preSolution
		HideSolutionNode = FALSE
	EndGlobalSection
	GlobalSection(ExtensibilityGlobals) = postSolution
		SolutionGuid = {2DB5C531-E46C-4BB7-9EB1-253CE05935D5}
	EndGlobalSection
EndGlobal
